
Microsoft Visual Studio Solution File, Format Version 12.00
# Visual Studio Version 16
VisualStudioVersion = 16.0.31205.134
MinimumVisualStudioVersion = 10.0.40219.1
Project("{FAE04EC0-301F-11D3-BF4B-00C04F79EFBC}") = "StockData.Worker", "StockData.Worker\StockData.Worker.csproj", "{BD8E95D4-58C4-401E-AA11-623A580DA3B8}"
EndProject
Project("{FAE04EC0-301F-11D3-BF4B-00C04F79EFBC}") = "StockData.Data", "StockData.Data\StockData.Data.csproj", "{12606D05-B9CB-4487-B188-1546F61647A1}"
EndProject
Project("{FAE04EC0-301F-11D3-BF4B-00C04F79EFBC}") = "StockData.DataService", "StockData.DataService\StockData.DataService.csproj", "{95D085F5-8E6E-4FC5-B5E3-E142F2356393}"
EndProject
Global
	GlobalSection(SolutionConfigurationPlatforms) = preSolution
		Debug|Any CPU = Debug|Any CPU
		Release|Any CPU = Release|Any CPU
	EndGlobalSection
	GlobalSection(ProjectConfigurationPlatforms) = postSolution
		{BD8E95D4-58C4-401E-AA11-623A580DA3B8}.Debug|Any CPU.ActiveCfg = Debug|Any CPU
		{BD8E95D4-58C4-401E-AA11-623A580DA3B8}.Debug|Any CPU.Build.0 = Debug|Any CPU
		{BD8E95D4-58C4-401E-AA11-623A580DA3B8}.Release|Any CPU.ActiveCfg = Release|Any CPU
		{BD8E95D4-58C4-401E-AA11-623A580DA3B8}.Release|Any CPU.Build.0 = Release|Any CPU
		{12606D05-B9CB-4487-B188-1546F61647A1}.Debug|Any CPU.ActiveCfg = Debug|Any CPU
		{12606D05-B9CB-4487-B188-1546F61647A1}.Debug|Any CPU.Build.0 = Debug|Any CPU
		{12606D05-B9CB-4487-B188-1546F61647A1}.Release|Any CPU.ActiveCfg = Release|Any CPU
		{12606D05-B9CB-4487-B188-1546F61647A1}.Release|Any CPU.Build.0 = Release|Any CPU
		{95D085F5-8E6E-4FC5-B5E3-E142F2356393}.Debug|Any CPU.ActiveCfg = Debug|Any CPU
		{95D085F5-8E6E-4FC5-B5E3-E142F2356393}.Debug|Any CPU.Build.0 = Debug|Any CPU
		{95D085F5-8E6E-4FC5-B5E3-E142F2356393}.Release|Any CPU.ActiveCfg = Release|Any CPU
		{95D085F5-8E6E-4FC5-B5E3-E142F2356393}.Release|Any CPU.Build.0 = Release|Any CPU
	EndGlobalSection
	GlobalSection(SolutionProperties) = preSolution
		HideSolutionNode = FALSE
	EndGlobalSection
	GlobalSection(ExtensibilityGlobals) = postSolution
		SolutionGuid = {3BD812D0-A132-4952-9A2E-90861209F7A2}
	EndGlobalSection
EndGlobal
